
Microsoft Visual Studio Solution File, Format Version 12.00
# Visual Studio Version 16
VisualStudioVersion = 25.0.1705.1
MinimumVisualStudioVersion = 10.0.40219.1
Project("{FAE04EC0-301F-11D3-BF4B-00C04F79EFBC}") = "CRUDpostgres", "CRUDpostgres\CRUDpostgres.csproj", "{B7C5B64D-AC81-41ED-B607-97858E711160}"
EndProject
Global
	GlobalSection(SolutionConfigurationPlatforms) = preSolution
		Debug|Any CPU = Debug|Any CPU
		Release|Any CPU = Release|Any CPU
	EndGlobalSection
	GlobalSection(ProjectConfigurationPlatforms) = postSolution
		{B7C5B64D-AC81-41ED-B607-97858E711160}.Debug|Any CPU.ActiveCfg = Debug|Any CPU
		{B7C5B64D-AC81-41ED-B607-97858E711160}.Debug|Any CPU.Build.0 = Debug|Any CPU
		{B7C5B64D-AC81-41ED-B607-97858E711160}.Release|Any CPU.ActiveCfg = Release|Any CPU
		{B7C5B64D-AC81-41ED-B607-97858E711160}.Release|Any CPU.Build.0 = Release|Any CPU
	EndGlobalSection
	GlobalSection(SolutionProperties) = preSolution
		HideSolutionNode = FALSE
	EndGlobalSection
	GlobalSection(ExtensibilityGlobals) = postSolution
		SolutionGuid = {F996B166-F5DB-4865-8410-BDE58D740455}
	EndGlobalSection
EndGlobal
